{
  "name": "japanese-grammar-db",
  "lockfileVersion": 2,
  "requires": true,
  "packages": {
    "": {
      "dependencies": {
        "flexsearch": "^0.7.11"
      }
    },
    "node_modules/flexsearch": {
      "version": "0.7.11",
      "resolved": "https://registry.npmjs.org/flexsearch/-/flexsearch-0.7.11.tgz",
      "integrity": "sha512-7li2Kv9as1le1QuxK8lflA8D+qsI97wBAu8SPiDFZLtQ1wlakPOo6ytpRvd885tlEJez0qII1DnMpInhee4Y0Q=="
    }
  },
  "dependencies": {
    "flexsearch": {
      "version": "0.7.11",
      "resolved": "https://registry.npmjs.org/flexsearch/-/flexsearch-0.7.11.tgz",
      "integrity": "sha512-7li2Kv9as1le1QuxK8lflA8D+qsI97wBAu8SPiDFZLtQ1wlakPOo6ytpRvd885tlEJez0qII1DnMpInhee4Y0Q=="
    }
  }
}
