{
  "name": "japanese-grammar-db",
  "lockfileVersion": 2,
  "requires": true,
  "packages": {
    "": {
      "dependencies": {
        "flexsearch": "^0.7.11"
      },
      "devDependencies": {
        "@types/node": "^15.12.5"
      }
    },
    "node_modules/@types/node": {
      "version": "15.12.5",
      "resolved": "https://registry.npmjs.org/@types/node/-/node-15.12.5.tgz",
      "integrity": "sha512-se3yX7UHv5Bscf8f1ERKvQOD6sTyycH3hdaoozvaLxgUiY5lIGEeH37AD0G0Qi9kPqihPn0HOfd2yaIEN9VwEg==",
      "dev": true
    },
    "node_modules/flexsearch": {
      "version": "0.7.11",
      "resolved": "https://registry.npmjs.org/flexsearch/-/flexsearch-0.7.11.tgz",
      "integrity": "sha512-7li2Kv9as1le1QuxK8lflA8D+qsI97wBAu8SPiDFZLtQ1wlakPOo6ytpRvd885tlEJez0qII1DnMpInhee4Y0Q=="
    }
  },
  "dependencies": {
    "@types/node": {
      "version": "15.12.5",
      "resolved": "https://registry.npmjs.org/@types/node/-/node-15.12.5.tgz",
      "integrity": "sha512-se3yX7UHv5Bscf8f1ERKvQOD6sTyycH3hdaoozvaLxgUiY5lIGEeH37AD0G0Qi9kPqihPn0HOfd2yaIEN9VwEg==",
      "dev": true
    },
    "flexsearch": {
      "version": "0.7.11",
      "resolved": "https://registry.npmjs.org/flexsearch/-/flexsearch-0.7.11.tgz",
      "integrity": "sha512-7li2Kv9as1le1QuxK8lflA8D+qsI97wBAu8SPiDFZLtQ1wlakPOo6ytpRvd885tlEJez0qII1DnMpInhee4Y0Q=="
    }
  }
}
